// !$*UTF8*$!
{
	archiveVersion = 1;
	classes = {
	};
	objectVersion = 48;
	objects = {

/* Begin PBXBuildFile section */
		E7334FBC1FD3B414006744B2 /* shareBkg.png in Resources */ = {isa = PBXBuildFile; fileRef = E7334FBB1FD3B414006744B2 /* shareBkg.png */; };
		E7334FC01FD3F7B3006744B2 /* sharedImage.png in Resources */ = {isa = PBXBuildFile; fileRef = E7334FBF1FD3F7B3006744B2 /* sharedImage.png */; };
		E7379DCA1FCFA40B004C3FA6 /* AppDelegate.m in Sources */ = {isa = PBXBuildFile; fileRef = E7379DC91FCFA40B004C3FA6 /* AppDelegate.m */; };
		E7379DCD1FCFA40B004C3FA6 /* ViewController.m in Sources */ = {isa = PBXBuildFile; fileRef = E7379DCC1FCFA40B004C3FA6 /* ViewController.m */; };
		E7379DD01FCFA40B004C3FA6 /* Main.storyboard in Resources */ = {isa = PBXBuildFile; fileRef = E7379DCE1FCFA40B004C3FA6 /* Main.storyboard */; };
		E7379DD21FCFA40B004C3FA6 /* Assets.xcassets in Resources */ = {isa = PBXBuildFile; fileRef = E7379DD11FCFA40B004C3FA6 /* Assets.xcassets */; };
		E7379DD51FCFA40B004C3FA6 /* LaunchScreen.storyboard in Resources */ = {isa = PBXBuildFile; fileRef = E7379DD31FCFA40B004C3FA6 /* LaunchScreen.storyboard */; };
		E7379DD81FCFA40B004C3FA6 /* main.m in Sources */ = {isa = PBXBuildFile; fileRef = E7379DD71FCFA40B004C3FA6 /* main.m */; };
		E7379DE01FCFA420004C3FA6 /* LrcDecoder.m in Sources */ = {isa = PBXBuildFile; fileRef = E7379DDF1FCFA420004C3FA6 /* LrcDecoder.m */; };
		E7379E0B1FD0F762004C3FA6 /* MCLrcCell.m in Sources */ = {isa = PBXBuildFile; fileRef = E7379E091FD0F762004C3FA6 /* MCLrcCell.m */; };
		E7379E0C1FD0F762004C3FA6 /* MCLrcCell.xib in Resources */ = {isa = PBXBuildFile; fileRef = E7379E0A1FD0F762004C3FA6 /* MCLrcCell.xib */; };
		E7379E111FD1447F004C3FA6 /* MCShareVC.m in Sources */ = {isa = PBXBuildFile; fileRef = E7379E101FD1447F004C3FA6 /* MCShareVC.m */; };
		E7C97DF61FDD3E6E005B48BB /* song.lrc in Resources */ = {isa = PBXBuildFile; fileRef = E7C97DF51FDD3E6D005B48BB /* song.lrc */; };
/* End PBXBuildFile section */

/* Begin PBXFileReference section */
		E7334FBB1FD3B414006744B2 /* shareBkg.png */ = {isa = PBXFileReference; lastKnownFileType = image.png; path = shareBkg.png; sourceTree = "<group>"; };
		E7334FBF1FD3F7B3006744B2 /* sharedImage.png */ = {isa = PBXFileReference; lastKnownFileType = image.png; path = sharedImage.png; sourceTree = "<group>"; };
		E7379DC51FCFA40A004C3FA6 /* LrcShare.app */ = {isa = PBXFileReference; explicitFileType = wrapper.application; includeInIndex = 0; path = LrcShare.app; sourceTree = BUILT_PRODUCTS_DIR; };
		E7379DC81FCFA40B004C3FA6 /* AppDelegate.h */ = {isa = PBXFileReference; lastKnownFileType = sourcecode.c.h; path = AppDelegate.h; sourceTree = "<group>"; };
		E7379DC91FCFA40B004C3FA6 /* AppDelegate.m */ = {isa = PBXFileReference; lastKnownFileType = sourcecode.c.objc; path = AppDelegate.m; sourceTree = "<group>"; };
		E7379DCB1FCFA40B004C3FA6 /* ViewController.h */ = {isa = PBXFileReference; lastKnownFileType = sourcecode.c.h; path = ViewController.h; sourceTree = "<group>"; };
		E7379DCC1FCFA40B004C3FA6 /* ViewController.m */ = {isa = PBXFileReference; lastKnownFileType = sourcecode.c.objc; path = ViewController.m; sourceTree = "<group>"; };
		E7379DCF1FCFA40B004C3FA6 /* Base */ = {isa = PBXFileReference; lastKnownFileType = file.storyboard; name = Base; path = Base.lproj/Main.storyboard; sourceTree = "<group>"; };
		E7379DD11FCFA40B004C3FA6 /* Assets.xcassets */ = {isa = PBXFileReference; lastKnownFileType = folder.assetcatalog; path = Assets.xcassets; sourceTree = "<group>"; };
		E7379DD41FCFA40B004C3FA6 /* Base */ = {isa = PBXFileReference; lastKnownFileType = file.storyboard; name = Base; path = Base.lproj/LaunchScreen.storyboard; sourceTree = "<group>"; };
		E7379DD61FCFA40B004C3FA6 /* Info.plist */ = {isa = PBXFileReference; lastKnownFileType = text.plist.xml; path = Info.plist; sourceTree = "<group>"; };
		E7379DD71FCFA40B004C3FA6 /* main.m */ = {isa = PBXFileReference; lastKnownFileType = sourcecode.c.objc; path = main.m; sourceTree = "<group>"; };
		E7379DDE1FCFA420004C3FA6 /* LrcDecoder.h */ = {isa = PBXFileReference; lastKnownFileType = sourcecode.c.h; path = LrcDecoder.h; sourceTree = "<group>"; };
		E7379DDF1FCFA420004C3FA6 /* LrcDecoder.m */ = {isa = PBXFileReference; lastKnownFileType = sourcecode.c.objc; path = LrcDecoder.m; sourceTree = "<group>"; };
		E7379E081FD0F762004C3FA6 /* MCLrcCell.h */ = {isa = PBXFileReference; lastKnownFileType = sourcecode.c.h; path = MCLrcCell.h; sourceTree = "<group>"; };
		E7379E091FD0F762004C3FA6 /* MCLrcCell.m */ = {isa = PBXFileReference; lastKnownFileType = sourcecode.c.objc; path = MCLrcCell.m; sourceTree = "<group>"; };
		E7379E0A1FD0F762004C3FA6 /* MCLrcCell.xib */ = {isa = PBXFileReference; lastKnownFileType = file.xib; path = MCLrcCell.xib; sourceTree = "<group>"; };
		E7379E0F1FD1447F004C3FA6 /* MCShareVC.h */ = {isa = PBXFileReference; lastKnownFileType = sourcecode.c.h; path = MCShareVC.h; sourceTree = "<group>"; };
		E7379E101FD1447F004C3FA6 /* MCShareVC.m */ = {isa = PBXFileReference; lastKnownFileType = sourcecode.c.objc; path = MCShareVC.m; sourceTree = "<group>"; };
		E7C97DF51FDD3E6D005B48BB /* song.lrc */ = {isa = PBXFileReference; fileEncoding = 4; lastKnownFileType = text; path = song.lrc; sourceTree = "<group>"; };
/* End PBXFileReference section */

/* Begin PBXFrameworksBuildPhase section */
		E7379DC21FCFA40A004C3FA6 /* Frameworks */ = {
			isa = PBXFrameworksBuildPhase;
			buildActionMask = 2147483647;
			files = (
			);
			runOnlyForDeploymentPostprocessing = 0;
		};
/* End PBXFrameworksBuildPhase section */

/* Begin PBXGroup section */
		E7379DBC1FCFA40A004C3FA6 = {
			isa = PBXGroup;
			children = (
				E7379DC71FCFA40A004C3FA6 /* LrcShare */,
				E7379DC61FCFA40A004C3FA6 /* Products */,
			);
			sourceTree = "<group>";
		};
		E7379DC61FCFA40A004C3FA6 /* Products */ = {
			isa = PBXGroup;
			children = (
				E7379DC51FCFA40A004C3FA6 /* LrcShare.app */,
			);
			name = Products;
			sourceTree = "<group>";
		};
		E7379DC71FCFA40A004C3FA6 /* LrcShare */ = {
			isa = PBXGroup;
			children = (
				E7C97DF51FDD3E6D005B48BB /* song.lrc */,
				E7379DC81FCFA40B004C3FA6 /* AppDelegate.h */,
				E7379DC91FCFA40B004C3FA6 /* AppDelegate.m */,
				E7379DCB1FCFA40B004C3FA6 /* ViewController.h */,
				E7379DCC1FCFA40B004C3FA6 /* ViewController.m */,
				E7379E0F1FD1447F004C3FA6 /* MCShareVC.h */,
				E7379E101FD1447F004C3FA6 /* MCShareVC.m */,
				E7379E081FD0F762004C3FA6 /* MCLrcCell.h */,
				E7379E091FD0F762004C3FA6 /* MCLrcCell.m */,
				E7379E0A1FD0F762004C3FA6 /* MCLrcCell.xib */,
				E7379DCE1FCFA40B004C3FA6 /* Main.storyboard */,
				E7334FBF1FD3F7B3006744B2 /* sharedImage.png */,
				E7334FBB1FD3B414006744B2 /* shareBkg.png */,
				E7379DD11FCFA40B004C3FA6 /* Assets.xcassets */,
				E7379DD31FCFA40B004C3FA6 /* LaunchScreen.storyboard */,
				E7379DD61FCFA40B004C3FA6 /* Info.plist */,
				E7379DD71FCFA40B004C3FA6 /* main.m */,
				E7379DDE1FCFA420004C3FA6 /* LrcDecoder.h */,
				E7379DDF1FCFA420004C3FA6 /* LrcDecoder.m */,
			);
			path = LrcShare;
			sourceTree = "<group>";
		};
/* End PBXGroup section */

/* Begin PBXNativeTarget section */
		E7379DC41FCFA40A004C3FA6 /* LrcShare */ = {
			isa = PBXNativeTarget;
			buildConfigurationList = E7379DDB1FCFA40B004C3FA6 /* Build configuration list for PBXNativeTarget "LrcShare" */;
			buildPhases = (
				E7379DC11FCFA40A004C3FA6 /* Sources */,
				E7379DC21FCFA40A004C3FA6 /* Frameworks */,
				E7379DC31FCFA40A004C3FA6 /* Resources */,
			);
			buildRules = (
			);
			dependencies = (
			);
			name = LrcShare;
			productName = LrcShare;
			productReference = E7379DC51FCFA40A004C3FA6 /* LrcShare.app */;
			productType = "com.apple.product-type.application";
		};
/* End PBXNativeTarget section */

/* Begin PBXProject section */
		E7379DBD1FCFA40A004C3FA6 /* Project object */ = {
			isa = PBXProject;
			attributes = {
				LastUpgradeCheck = 0910;
				ORGANIZATIONNAME = Minecode;
				TargetAttributes = {
					E7379DC41FCFA40A004C3FA6 = {
						CreatedOnToolsVersion = 9.1;
						ProvisioningStyle = Automatic;
					};
				};
			};
			buildConfigurationList = E7379DC01FCFA40A004C3FA6 /* Build configuration list for PBXProject "LrcShare" */;
			compatibilityVersion = "Xcode 8.0";
			developmentRegion = en;
			hasScannedForEncodings = 0;
			knownRegions = (
				en,
				Base,
			);
			mainGroup = E7379DBC1FCFA40A004C3FA6;
			productRefGroup = E7379DC61FCFA40A004C3FA6 /* Products */;
			projectDirPath = "";
			projectRoot = "";
			targets = (
				E7379DC41FCFA40A004C3FA6 /* LrcShare */,
			);
		};
/* End PBXProject section */

/* Begin PBXResourcesBuildPhase section */
		E7379DC31FCFA40A004C3FA6 /* Resources */ = {
			isa = PBXResourcesBuildPhase;
			buildActionMask = 2147483647;
			files = (
				E7379DD51FCFA40B004C3FA6 /* LaunchScreen.storyboard in Resources */,
				E7379DD21FCFA40B004C3FA6 /* Assets.xcassets in Resources */,
				E7379DD01FCFA40B004C3FA6 /* Main.storyboard in Resources */,
				E7334FBC1FD3B414006744B2 /* shareBkg.png in Resources */,
				E7379E0C1FD0F762004C3FA6 /* MCLrcCell.xib in Resources */,
				E7C97DF61FDD3E6E005B48BB /* song.lrc in Resources */,
				E7334FC01FD3F7B3006744B2 /* sharedImage.png in Resources */,
			);
			runOnlyForDeploymentPostprocessing = 0;
		};
/* End PBXResourcesBuildPhase section */

/* Begin PBXSourcesBuildPhase section */
		E7379DC11FCFA40A004C3FA6 /* Sources */ = {
			isa = PBXSourcesBuildPhase;
			buildActionMask = 2147483647;
			files = (
				E7379E0B1FD0F762004C3FA6 /* MCLrcCell.m in Sources */,
				E7379DCD1FCFA40B004C3FA6 /* ViewController.m in Sources */,
				E7379E111FD1447F004C3FA6 /* MCShareVC.m in Sources */,
				E7379DD81FCFA40B004C3FA6 /* main.m in Sources */,
				E7379DE01FCFA420004C3FA6 /* LrcDecoder.m in Sources */,
				E7379DCA1FCFA40B004C3FA6 /* AppDelegate.m in Sources */,
			);
			runOnlyForDeploymentPostprocessing = 0;
		};
/* End PBXSourcesBuildPhase section */

/* Begin PBXVariantGroup section */
		E7379DCE1FCFA40B004C3FA6 /* Main.storyboard */ = {
			isa = PBXVariantGroup;
			children = (
				E7379DCF1FCFA40B004C3FA6 /* Base */,
			);
			name = Main.storyboard;
			sourceTree = "<group>";
		};
		E7379DD31FCFA40B004C3FA6 /* LaunchScreen.storyboard */ = {
			isa = PBXVariantGroup;
			children = (
				E7379DD41FCFA40B004C3FA6 /* Base */,
			);
			name = LaunchScreen.storyboard;
			sourceTree = "<group>";
		};
/* End PBXVariantGroup section */

/* Begin XCBuildConfiguration section */
		E7379DD91FCFA40B004C3FA6 /* Debug */ = {
			isa = XCBuildConfiguration;
			buildSettings = {
				ALWAYS_SEARCH_USER_PATHS = NO;
				CLANG_ANALYZER_NONNULL = YES;
				CLANG_ANALYZER_NUMBER_OBJECT_CONVERSION = YES_AGGRESSIVE;
				CLANG_CXX_LANGUAGE_STANDARD = "gnu++14";
				CLANG_CXX_LIBRARY = "libc++";
				CLANG_ENABLE_MODULES = YES;
				CLANG_ENABLE_OBJC_ARC = YES;
				CLANG_WARN_BLOCK_CAPTURE_AUTORELEASING = YES;
				CLANG_WARN_BOOL_CONVERSION = YES;
				CLANG_WARN_COMMA = YES;
				CLANG_WARN_CONSTANT_CONVERSION = YES;
				CLANG_WARN_DIRECT_OBJC_ISA_USAGE = YES_ERROR;
				CLANG_WARN_DOCUMENTATION_COMMENTS = YES;
				CLANG_WARN_EMPTY_BODY = YES;
				CLANG_WARN_ENUM_CONVERSION = YES;
				CLANG_WARN_INFINITE_RECURSION = YES;
				CLANG_WARN_INT_CONVERSION = YES;
				CLANG_WARN_NON_LITERAL_NULL_CONVERSION = YES;
				CLANG_WARN_OBJC_LITERAL_CONVERSION = YES;
				CLANG_WARN_OBJC_ROOT_CLASS = YES_ERROR;
				CLANG_WARN_RANGE_LOOP_ANALYSIS = YES;
				CLANG_WARN_STRICT_PROTOTYPES = YES;
				CLANG_WARN_SUSPICIOUS_MOVE = YES;
				CLANG_WARN_UNGUARDED_AVAILABILITY = YES_AGGRESSIVE;
				CLANG_WARN_UNREACHABLE_CODE = YES;
				CLANG_WARN__DUPLICATE_METHOD_MATCH = YES;
				CODE_SIGN_IDENTITY = "iPhone Developer";
				COPY_PHASE_STRIP = NO;
				DEBUG_INFORMATION_FORMAT = dwarf;
				ENABLE_STRICT_OBJC_MSGSEND = YES;
				ENABLE_TESTABILITY = YES;
				GCC_C_LANGUAGE_STANDARD = gnu11;
				GCC_DYNAMIC_NO_PIC = NO;
				GCC_NO_COMMON_BLOCKS = YES;
				GCC_OPTIMIZATION_LEVEL = 0;
				GCC_PREPROCESSOR_DEFINITIONS = (
					"DEBUG=1",
					"$(inherited)",
				);
				GCC_WARN_64_TO_32_BIT_CONVERSION = YES;
				GCC_WARN_ABOUT_RETURN_TYPE = YES_ERROR;
				GCC_WARN_UNDECLARED_SELECTOR = YES;
				GCC_WARN_UNINITIALIZED_AUTOS = YES_AGGRESSIVE;
				GCC_WARN_UNUSED_FUNCTION = YES;
				GCC_WARN_UNUSED_VARIABLE = YES;
				IPHONEOS_DEPLOYMENT_TARGET = 11.1;
				MTL_ENABLE_DEBUG_INFO = YES;
				ONLY_ACTIVE_ARCH = YES;
				SDKROOT = iphoneos;
			};
			name = Debug;
		};
		E7379DDA1FCFA40B004C3FA6 /* Release */ = {
			isa = XCBuildConfiguration;
			buildSettings = {
				ALWAYS_SEARCH_USER_PATHS = NO;
				CLANG_ANALYZER_NONNULL = YES;
				CLANG_ANALYZER_NUMBER_OBJECT_CONVERSION = YES_AGGRESSIVE;
				CLANG_CXX_LANGUAGE_STANDARD = "gnu++14";
				CLANG_CXX_LIBRARY = "libc++";
				CLANG_ENABLE_MODULES = YES;
				CLANG_ENABLE_OBJC_ARC = YES;
				CLANG_WARN_BLOCK_CAPTURE_AUTORELEASING = YES;
				CLANG_WARN_BOOL_CONVERSION = YES;
				CLANG_WARN_COMMA = YES;
				CLANG_WARN_CONSTANT_CONVERSION = YES;
				CLANG_WARN_DIRECT_OBJC_ISA_USAGE = YES_ERROR;
				CLANG_WARN_DOCUMENTATION_COMMENTS = YES;
				CLANG_WARN_EMPTY_BODY = YES;
				CLANG_WARN_ENUM_CONVERSION = YES;
				CLANG_WARN_INFINITE_RECURSION = YES;
				CLANG_WARN_INT_CONVERSION = YES;
				CLANG_WARN_NON_LITERAL_NULL_CONVERSION = YES;
				CLANG_WARN_OBJC_LITERAL_CONVERSION = YES;
				CLANG_WARN_OBJC_ROOT_CLASS = YES_ERROR;
				CLANG_WARN_RANGE_LOOP_ANALYSIS = YES;
				CLANG_WARN_STRICT_PROTOTYPES = YES;
				CLANG_WARN_SUSPICIOUS_MOVE = YES;
				CLANG_WARN_UNGUARDED_AVAILABILITY = YES_AGGRESSIVE;
				CLANG_WARN_UNREACHABLE_CODE = YES;
				CLANG_WARN__DUPLICATE_METHOD_MATCH = YES;
				CODE_SIGN_IDENTITY = "iPhone Developer";
				COPY_PHASE_STRIP = NO;
				DEBUG_INFORMATION_FORMAT = "dwarf-with-dsym";
				ENABLE_NS_ASSERTIONS = NO;
				ENABLE_STRICT_OBJC_MSGSEND = YES;
				GCC_C_LANGUAGE_STANDARD = gnu11;
				GCC_NO_COMMON_BLOCKS = YES;
				GCC_WARN_64_TO_32_BIT_CONVERSION = YES;
				GCC_WARN_ABOUT_RETURN_TYPE = YES_ERROR;
				GCC_WARN_UNDECLARED_SELECTOR = YES;
				GCC_WARN_UNINITIALIZED_AUTOS = YES_AGGRESSIVE;
				GCC_WARN_UNUSED_FUNCTION = YES;
				GCC_WARN_UNUSED_VARIABLE = YES;
				IPHONEOS_DEPLOYMENT_TARGET = 11.1;
				MTL_ENABLE_DEBUG_INFO = NO;
				SDKROOT = iphoneos;
				VALIDATE_PRODUCT = YES;
			};
			name = Release;
		};
		E7379DDC1FCFA40B004C3FA6 /* Debug */ = {
			isa = XCBuildConfiguration;
			buildSettings = {
				ASSETCATALOG_COMPILER_APPICON_NAME = AppIcon;
				CODE_SIGN_STYLE = Automatic;
				DEVELOPMENT_TEAM = XQ4VPYFFH5;
				INFOPLIST_FILE = LrcShare/Info.plist;
				IPHONEOS_DEPLOYMENT_TARGET = 8.0;
				LD_RUNPATH_SEARCH_PATHS = "$(inherited) @executable_path/Frameworks";
				PRODUCT_BUNDLE_IDENTIFIER = link.minecode.LrcShare;
				PRODUCT_NAME = "$(TARGET_NAME)";
				TARGETED_DEVICE_FAMILY = "1,2";
			};
			name = Debug;
		};
		E7379DDD1FCFA40B004C3FA6 /* Release */ = {
			isa = XCBuildConfiguration;
			buildSettings = {
				ASSETCATALOG_COMPILER_APPICON_NAME = AppIcon;
				CODE_SIGN_STYLE = Automatic;
				DEVELOPMENT_TEAM = XQ4VPYFFH5;
				INFOPLIST_FILE = LrcShare/Info.plist;
				IPHONEOS_DEPLOYMENT_TARGET = 8.0;
				LD_RUNPATH_SEARCH_PATHS = "$(inherited) @executable_path/Frameworks";
				PRODUCT_BUNDLE_IDENTIFIER = link.minecode.LrcShare;
				PRODUCT_NAME = "$(TARGET_NAME)";
				TARGETED_DEVICE_FAMILY = "1,2";
			};
			name = Release;
		};
/* End XCBuildConfiguration section */

/* Begin XCConfigurationList section */
		E7379DC01FCFA40A004C3FA6 /* Build configuration list for PBXProject "LrcShare" */ = {
			isa = XCConfigurationList;
			buildConfigurations = (
				E7379DD91FCFA40B004C3FA6 /* Debug */,
				E7379DDA1FCFA40B004C3FA6 /* Release */,
			);
			defaultConfigurationIsVisible = 0;
			defaultConfigurationName = Release;
		};
		E7379DDB1FCFA40B004C3FA6 /* Build configuration list for PBXNativeTarget "LrcShare" */ = {
			isa = XCConfigurationList;
			buildConfigurations = (
				E7379DDC1FCFA40B004C3FA6 /* Debug */,
				E7379DDD1FCFA40B004C3FA6 /* Release */,
			);
			defaultConfigurationIsVisible = 0;
			defaultConfigurationName = Release;
		};
/* End XCConfigurationList section */
	};
	rootObject = E7379DBD1FCFA40A004C3FA6 /* Project object */;
}
